
Microsoft Visual Studio Solution File, Format Version 12.00
# Visual Studio Version 16
VisualStudioVersion = 16.0.30523.141
MinimumVisualStudioVersion = 10.0.40219.1
Project("{9A19103F-16F7-4668-BE54-9A1E7A4F7556}") = "TopPlayesWebAPI", "TopPlayesWebAPI\TopPlayesWebAPI.csproj", "{6FD8B649-B0BD-4F12-9FC0-ACF6186E059F}"
EndProject
Project("{2150E333-8FDC-42A3-9474-1A3956D46DE8}") = "Api", "Api", "{13726303-3173-4B1F-9C64-8ADEBBBEE21A}"
EndProject
Project("{2150E333-8FDC-42A3-9474-1A3956D46DE8}") = "Data", "Data", "{D98C7989-0B9A-4C78-BB3F-30BB1A1124B0}"
EndProject
Project("{9A19103F-16F7-4668-BE54-9A1E7A4F7556}") = "Service", "Service\Service.csproj", "{725B8EDD-4EEE-4267-BEAE-E2A0051298F9}"
EndProject
Project("{9A19103F-16F7-4668-BE54-9A1E7A4F7556}") = "Dto", "Dto\Dto.csproj", "{F6A32C66-57A4-4314-98F6-45275D892C6E}"
EndProject
Project("{FAE04EC0-301F-11D3-BF4B-00C04F79EFBC}") = "Repository", "Repository\Repository.csproj", "{4FB34D82-4D49-4E60-B7D6-2695A9716879}"
EndProject
Global
	GlobalSection(SolutionConfigurationPlatforms) = preSolution
		Debug|Any CPU = Debug|Any CPU
		Release|Any CPU = Release|Any CPU
	EndGlobalSection
	GlobalSection(ProjectConfigurationPlatforms) = postSolution
		{6FD8B649-B0BD-4F12-9FC0-ACF6186E059F}.Debug|Any CPU.ActiveCfg = Debug|Any CPU
		{6FD8B649-B0BD-4F12-9FC0-ACF6186E059F}.Debug|Any CPU.Build.0 = Debug|Any CPU
		{6FD8B649-B0BD-4F12-9FC0-ACF6186E059F}.Release|Any CPU.ActiveCfg = Release|Any CPU
		{6FD8B649-B0BD-4F12-9FC0-ACF6186E059F}.Release|Any CPU.Build.0 = Release|Any CPU
		{725B8EDD-4EEE-4267-BEAE-E2A0051298F9}.Debug|Any CPU.ActiveCfg = Debug|Any CPU
		{725B8EDD-4EEE-4267-BEAE-E2A0051298F9}.Debug|Any CPU.Build.0 = Debug|Any CPU
		{725B8EDD-4EEE-4267-BEAE-E2A0051298F9}.Release|Any CPU.ActiveCfg = Release|Any CPU
		{725B8EDD-4EEE-4267-BEAE-E2A0051298F9}.Release|Any CPU.Build.0 = Release|Any CPU
		{F6A32C66-57A4-4314-98F6-45275D892C6E}.Debug|Any CPU.ActiveCfg = Debug|Any CPU
		{F6A32C66-57A4-4314-98F6-45275D892C6E}.Debug|Any CPU.Build.0 = Debug|Any CPU
		{F6A32C66-57A4-4314-98F6-45275D892C6E}.Release|Any CPU.ActiveCfg = Release|Any CPU
		{F6A32C66-57A4-4314-98F6-45275D892C6E}.Release|Any CPU.Build.0 = Release|Any CPU
		{4FB34D82-4D49-4E60-B7D6-2695A9716879}.Debug|Any CPU.ActiveCfg = Debug|Any CPU
		{4FB34D82-4D49-4E60-B7D6-2695A9716879}.Debug|Any CPU.Build.0 = Debug|Any CPU
		{4FB34D82-4D49-4E60-B7D6-2695A9716879}.Release|Any CPU.ActiveCfg = Release|Any CPU
		{4FB34D82-4D49-4E60-B7D6-2695A9716879}.Release|Any CPU.Build.0 = Release|Any CPU
	EndGlobalSection
	GlobalSection(SolutionProperties) = preSolution
		HideSolutionNode = FALSE
	EndGlobalSection
	GlobalSection(NestedProjects) = preSolution
		{725B8EDD-4EEE-4267-BEAE-E2A0051298F9} = {13726303-3173-4B1F-9C64-8ADEBBBEE21A}
		{F6A32C66-57A4-4314-98F6-45275D892C6E} = {13726303-3173-4B1F-9C64-8ADEBBBEE21A}
		{4FB34D82-4D49-4E60-B7D6-2695A9716879} = {D98C7989-0B9A-4C78-BB3F-30BB1A1124B0}
	EndGlobalSection
	GlobalSection(ExtensibilityGlobals) = postSolution
		SolutionGuid = {4C7749DB-4EC6-4B7A-9B4C-8911BBF46F95}
	EndGlobalSection
EndGlobal
